{
  "version": 4,
  "terraform_version": "1.14.9",
  "serial": 11,
  "lineage": "7374a18a-22a3-c886-4ab4-b579d39a4f13",
  "outputs": {
    "app_url": {
      "value": "http://35.200.237.4",
      "type": "string"
    },
    "service_account_email": {
      "value": "voice-app-sa@intern-satya-sandbox.iam.gserviceaccount.com",
      "type": "string"
    },
    "ssh_command": {
      "value": "gcloud compute ssh voice-app-vm --zone=asia-south1-a",
      "type": "string"
    },
    "vm_ip": {
      "value": "35.200.237.4",
      "type": "string"
    }
  },
  "resources": [
    {
      "mode": "managed",
      "type": "google_compute_address",
      "name": "static_ip",
      "provider": "provider[\"registry.terraform.io/hashicorp/google\"]",
      "instances": [
        {
          "schema_version": 0,
          "attributes": {
            "address": "35.200.237.4",
            "address_type": "EXTERNAL",
            "creation_timestamp": "2026-04-24T23:20:04.269-07:00",
            "description": "",
            "effective_labels": {},
            "id": "projects/intern-satya-sandbox/regions/asia-south1/addresses/voice-app-static-ip",
            "ip_version": "",
            "ipv6_endpoint_type": "",
            "label_fingerprint": "42WmSpB8rSM=",
            "labels": {},
            "name": "voice-app-static-ip",
            "network": "",
            "network_tier": "PREMIUM",
            "prefix_length": 0,
            "project": "intern-satya-sandbox",
            "purpose": "",
            "region": "asia-south1",
            "self_link": "https://www.googleapis.com/compute/v1/projects/intern-satya-sandbox/regions/asia-south1/addresses/voice-app-static-ip",
            "subnetwork": "",
            "terraform_labels": {},
            "timeouts": null,
            "users": []
          },
          "sensitive_attributes": [],
          "identity_schema_version": 0,
          "private": "eyJlMmJmYjczMC1lY2FhLTExZTYtOGY4OC0zNDM2M2JjN2M0YzAiOnsiY3JlYXRlIjoxMjAwMDAwMDAwMDAwLCJkZWxldGUiOjEyMDAwMDAwMDAwMDAsInVwZGF0ZSI6MTIwMDAwMDAwMDAwMH19"
        }
      ]
    },
    {
      "mode": "managed",
      "type": "google_compute_firewall",
      "name": "allow_http",
      "provider": "provider[\"registry.terraform.io/hashicorp/google\"]",
      "instances": [
        {
          "schema_version": 1,
          "attributes": {
            "allow": [
              {
                "ports": [
                  "80"
                ],
                "protocol": "tcp"
              }
            ],
            "creation_timestamp": "2026-04-24T23:24:48.949-07:00",
            "deny": [],
            "description": "",
            "destination_ranges": [],
            "direction": "INGRESS",
            "disabled": false,
            "enable_logging": null,
            "id": "projects/intern-satya-sandbox/global/firewalls/voice-app-allow-http",
            "log_config": [],
            "name": "voice-app-allow-http",
            "network": "https://www.googleapis.com/compute/v1/projects/intern-satya-sandbox/global/networks/default",
            "priority": 1000,
            "project": "intern-satya-sandbox",
            "self_link": "https://www.googleapis.com/compute/v1/projects/intern-satya-sandbox/global/firewalls/voice-app-allow-http",
            "source_ranges": [
              "0.0.0.0/0"
            ],
            "source_service_accounts": null,
            "source_tags": null,
            "target_service_accounts": null,
            "target_tags": [
              "voice-app"
            ],
            "timeouts": null
          },
          "sensitive_attributes": [],
          "identity_schema_version": 0,
          "private": "eyJlMmJmYjczMC1lY2FhLTExZTYtOGY4OC0zNDM2M2JjN2M0YzAiOnsiY3JlYXRlIjoxMjAwMDAwMDAwMDAwLCJkZWxldGUiOjEyMDAwMDAwMDAwMDAsInVwZGF0ZSI6MTIwMDAwMDAwMDAwMH0sInNjaGVtYV92ZXJzaW9uIjoiMSJ9"
        }
      ]
    },
    {
      "mode": "managed",
      "type": "google_compute_firewall",
      "name": "allow_ssh",
      "provider": "provider[\"registry.terraform.io/hashicorp/google\"]",
      "instances": [
        {
          "schema_version": 1,
          "attributes": {
            "allow": [
              {
                "ports": [
                  "22"
                ],
                "protocol": "tcp"
              }
            ],
            "creation_timestamp": "2026-04-24T23:24:48.480-07:00",
            "deny": [],
            "description": "",
            "destination_ranges": [],
            "direction": "INGRESS",
            "disabled": false,
            "enable_logging": null,
            "id": "projects/intern-satya-sandbox/global/firewalls/voice-app-allow-ssh",
            "log_config": [],
            "name": "voice-app-allow-ssh",
            "network": "https://www.googleapis.com/compute/v1/projects/intern-satya-sandbox/global/networks/default",
            "priority": 1000,
            "project": "intern-satya-sandbox",
            "self_link": "https://www.googleapis.com/compute/v1/projects/intern-satya-sandbox/global/firewalls/voice-app-allow-ssh",
            "source_ranges": [
              "0.0.0.0/0"
            ],
            "source_service_accounts": null,
            "source_tags": null,
            "target_service_accounts": null,
            "target_tags": [
              "voice-app"
            ],
            "timeouts": null
          },
          "sensitive_attributes": [],
          "identity_schema_version": 0,
          "private": "eyJlMmJmYjczMC1lY2FhLTExZTYtOGY4OC0zNDM2M2JjN2M0YzAiOnsiY3JlYXRlIjoxMjAwMDAwMDAwMDAwLCJkZWxldGUiOjEyMDAwMDAwMDAwMDAsInVwZGF0ZSI6MTIwMDAwMDAwMDAwMH0sInNjaGVtYV92ZXJzaW9uIjoiMSJ9"
        }
      ]
    },
    {
      "mode": "managed",
      "type": "google_compute_instance",
      "name": "vm",
      "provider": "provider[\"registry.terraform.io/hashicorp/google\"]",
      "instances": [
        {
          "schema_version": 6,
          "attributes": {
            "advanced_machine_features": [],
            "allow_stopping_for_update": null,
            "attached_disk": [],
            "boot_disk": [
              {
                "auto_delete": true,
                "device_name": "persistent-disk-0",
                "disk_encryption_key_raw": "",
                "disk_encryption_key_sha256": "",
                "initialize_params": [
                  {
                    "enable_confidential_compute": false,
                    "image": "https://www.googleapis.com/compute/v1/projects/ubuntu-os-cloud/global/images/ubuntu-2204-jammy-v20260421",
                    "labels": {},
                    "provisioned_iops": 0,
                    "provisioned_throughput": 0,
                    "resource_manager_tags": null,
                    "size": 20,
                    "storage_pool": "",
                    "type": "pd-balanced"
                  }
                ],
                "kms_key_self_link": "",
                "mode": "READ_WRITE",
                "source": "https://www.googleapis.com/compute/v1/projects/intern-satya-sandbox/zones/asia-south1-a/disks/voice-app-vm"
              }
            ],
            "can_ip_forward": false,
            "confidential_instance_config": [],
            "cpu_platform": "Intel Broadwell",
            "current_status": "RUNNING",
            "deletion_protection": false,
            "description": "",
            "desired_status": null,
            "effective_labels": {
              "app": "voice-converter",
              "env": "prod"
            },
            "enable_display": false,
            "guest_accelerator": [],
            "hostname": "",
            "id": "projects/intern-satya-sandbox/zones/asia-south1-a/instances/voice-app-vm",
            "instance_id": "7167894184911823069",
            "label_fingerprint": "ywFnz4nTTds=",
            "labels": {
              "app": "voice-converter",
              "env": "prod"
            },
            "machine_type": "e2-medium",
            "metadata": {
              "startup-script": "#!/bin/bash\nset -euo pipefail\n\n# Log everything so you can debug with:\n# gcloud compute instances get-serial-port-output voice-app-vm\nexec \u003e /var/log/startup.log 2\u003e\u00261\n\necho \"=== Starting setup at $(date) ===\"\n\napt-get update -y\napt-get install -y docker.io\n\nsystemctl start docker\nsystemctl enable docker\n\n# Wait for Docker to be ready\nsleep 5\n\n# Pull from Docker Hub\ndocker pull satyareddy9/voice-app:latest\n\n# Stop old container if it exists (safe on first boot)\ndocker stop voice-app 2\u003e/dev/null || true\ndocker rm   voice-app 2\u003e/dev/null || true\n\n# Run container: your app listens on 8085 inside,\n# we expose it on port 80 of the host VM\ndocker run -d \\\n  --name voice-app \\\n  --restart always \\\n  -p 80:8085 \\\n  satyareddy9/voice-app:latest\n\necho \"=== Setup done at $(date) ===\"\n"
            },
            "metadata_fingerprint": "e1N7E6UhwDo=",
            "metadata_startup_script": null,
            "min_cpu_platform": "",
            "name": "voice-app-vm",
            "network_interface": [
              {
                "access_config": [
                  {
                    "nat_ip": "35.200.237.4",
                    "network_tier": "PREMIUM",
                    "public_ptr_domain_name": ""
                  }
                ],
                "alias_ip_range": [],
                "internal_ipv6_prefix_length": 0,
                "ipv6_access_config": [],
                "ipv6_access_type": "",
                "ipv6_address": "",
                "name": "nic0",
                "network": "https://www.googleapis.com/compute/v1/projects/intern-satya-sandbox/global/networks/default",
                "network_ip": "10.160.0.2",
                "nic_type": "",
                "queue_count": 0,
                "stack_type": "IPV4_ONLY",
                "subnetwork": "https://www.googleapis.com/compute/v1/projects/intern-satya-sandbox/regions/asia-south1/subnetworks/default",
                "subnetwork_project": "intern-satya-sandbox"
              }
            ],
            "network_performance_config": [],
            "params": [],
            "project": "intern-satya-sandbox",
            "reservation_affinity": [],
            "resource_policies": null,
            "scheduling": [
              {
                "automatic_restart": true,
                "instance_termination_action": "",
                "local_ssd_recovery_timeout": [],
                "max_run_duration": [],
                "min_node_cpus": 0,
                "node_affinities": [],
                "on_host_maintenance": "MIGRATE",
                "on_instance_stop_action": [],
                "preemptible": false,
                "provisioning_model": "STANDARD"
              }
            ],
            "scratch_disk": [],
            "self_link": "https://www.googleapis.com/compute/v1/projects/intern-satya-sandbox/zones/asia-south1-a/instances/voice-app-vm",
            "service_account": [
              {
                "email": "voice-app-sa@intern-satya-sandbox.iam.gserviceaccount.com",
                "scopes": [
                  "https://www.googleapis.com/auth/cloud-platform"
                ]
              }
            ],
            "shielded_instance_config": [
              {
                "enable_integrity_monitoring": true,
                "enable_secure_boot": false,
                "enable_vtpm": true
              }
            ],
            "tags": [
              "voice-app"
            ],
            "tags_fingerprint": "5z_VcDFLda0=",
            "terraform_labels": {
              "app": "voice-converter",
              "env": "prod"
            },
            "timeouts": null,
            "zone": "asia-south1-a"
          },
          "sensitive_attributes": [
            [
              {
                "type": "get_attr",
                "value": "boot_disk"
              },
              {
                "type": "index",
                "value": {
                  "value": 0,
                  "type": "number"
                }
              },
              {
                "type": "get_attr",
                "value": "disk_encryption_key_raw"
              }
            ]
          ],
          "identity_schema_version": 0,
          "private": "eyJlMmJmYjczMC1lY2FhLTExZTYtOGY4OC0zNDM2M2JjN2M0YzAiOnsiY3JlYXRlIjoxMjAwMDAwMDAwMDAwLCJkZWxldGUiOjEyMDAwMDAwMDAwMDAsInVwZGF0ZSI6MTIwMDAwMDAwMDAwMH0sInNjaGVtYV92ZXJzaW9uIjoiNiJ9",
          "dependencies": [
            "google_compute_address.static_ip",
            "google_service_account.voice_sa"
          ]
        }
      ]
    },
    {
      "mode": "managed",
      "type": "google_project_iam_member",
      "name": "speech_access",
      "provider": "provider[\"registry.terraform.io/hashicorp/google\"]",
      "instances": [
        {
          "schema_version": 0,
          "attributes": {
            "condition": [],
            "etag": "BwZQQuCRL+w=",
            "id": "intern-satya-sandbox/roles/speech.client/serviceAccount:voice-app-sa@intern-satya-sandbox.iam.gserviceaccount.com",
            "member": "serviceAccount:voice-app-sa@intern-satya-sandbox.iam.gserviceaccount.com",
            "project": "intern-satya-sandbox",
            "role": "roles/speech.client"
          },
          "sensitive_attributes": [],
          "identity_schema_version": 0,
          "private": "bnVsbA==",
          "dependencies": [
            "google_service_account.voice_sa"
          ]
        }
      ]
    },
    {
      "mode": "managed",
      "type": "google_service_account",
      "name": "voice_sa",
      "provider": "provider[\"registry.terraform.io/hashicorp/google\"]",
      "instances": [
        {
          "schema_version": 0,
          "attributes": {
            "account_id": "voice-app-sa",
            "create_ignore_already_exists": null,
            "description": "",
            "disabled": false,
            "display_name": "Voice App Service Account",
            "email": "voice-app-sa@intern-satya-sandbox.iam.gserviceaccount.com",
            "id": "projects/intern-satya-sandbox/serviceAccounts/voice-app-sa@intern-satya-sandbox.iam.gserviceaccount.com",
            "member": "serviceAccount:voice-app-sa@intern-satya-sandbox.iam.gserviceaccount.com",
            "name": "projects/intern-satya-sandbox/serviceAccounts/voice-app-sa@intern-satya-sandbox.iam.gserviceaccount.com",
            "project": "intern-satya-sandbox",
            "timeouts": null,
            "unique_id": "101867492810988040376"
          },
          "sensitive_attributes": [],
          "identity_schema_version": 0,
          "private": "eyJlMmJmYjczMC1lY2FhLTExZTYtOGY4OC0zNDM2M2JjN2M0YzAiOnsiY3JlYXRlIjozMDAwMDAwMDAwMDB9fQ=="
        }
      ]
    }
  ],
  "check_results": null
}
